
Microsoft Visual Studio Solution File, Format Version 12.00
# Visual Studio 15
VisualStudioVersion = 15.0.28307.136
MinimumVisualStudioVersion = 10.0.40219.1
Project("{9A19103F-16F7-4668-BE54-9A1E7A4F7556}") = "SpaceAdventure", "SpaceAdventure\SpaceAdventure.csproj", "{5E33DF2B-7ADB-4971-8DBD-45659CA1DB5B}"
EndProject
Project("{9A19103F-16F7-4668-BE54-9A1E7A4F7556}") = "Common", "Common\Common.csproj", "{EDACF47B-51F2-40FA-8AB4-B47BDCA2D838}"
EndProject
Project("{9A19103F-16F7-4668-BE54-9A1E7A4F7556}") = "Core", "Core\Core.csproj", "{1E38793C-CCE5-4975-8C25-EE3B8C136218}"
EndProject
Project("{9A19103F-16F7-4668-BE54-9A1E7A4F7556}") = "DAL", "DAL\DAL.csproj", "{F5BBF47B-AFD9-47FF-96F1-9828E5D37700}"
EndProject
Project("{9A19103F-16F7-4668-BE54-9A1E7A4F7556}") = "Infrastructure", "Infrastructure\Infrastructure.csproj", "{4B81BBA3-CE54-4C8F-8578-EEE60197A1C3}"
EndProject
Project("{9A19103F-16F7-4668-BE54-9A1E7A4F7556}") = "BL", "BL\BL.csproj", "{65E7F9FD-7590-4CA4-B87C-DEEEA6D0EC1D}"
EndProject
Project("{2150E333-8FDC-42A3-9474-1A3956D46DE8}") = "Tests", "Tests", "{F1B4FBE0-189E-4B46-A5FC-959D08CF5FC9}"
EndProject
Project("{9A19103F-16F7-4668-BE54-9A1E7A4F7556}") = "BL.Tests", "BL.Tests\BL.Tests.csproj", "{29F4A6B3-1D9B-4125-A3AA-9D2E56937DED}"
EndProject
Project("{9A19103F-16F7-4668-BE54-9A1E7A4F7556}") = "Core.Tests", "Core.Tests\Core.Tests.csproj", "{DE2945B0-F28D-4B9B-85F0-46FD37F5BCAD}"
EndProject
Project("{9A19103F-16F7-4668-BE54-9A1E7A4F7556}") = "DAL.Tests", "DAL.Tests\DAL.Tests.csproj", "{58D2482D-AFF7-4464-B05F-AC1060815A6A}"
EndProject
Project("{9A19103F-16F7-4668-BE54-9A1E7A4F7556}") = "Common.Tests", "Common.Tests\Common.Tests.csproj", "{6A036ADD-DEEF-4CFA-B17C-C62455E6DAD5}"
EndProject
Project("{9A19103F-16F7-4668-BE54-9A1E7A4F7556}") = "SpaceAdventure.Tests", "SpaceAdventure.Tests\SpaceAdventure.Tests.csproj", "{D527FBC0-6730-46B7-B9B0-F04694A4B32D}"
EndProject
Project("{FAE04EC0-301F-11D3-BF4B-00C04F79EFBC}") = "Infrastructure.Tests", "Infrastructure.Tests\Infrastructure.Tests.csproj", "{61436210-8822-45D8-BB70-B015E2A91C03}"
EndProject
Global
	GlobalSection(SolutionConfigurationPlatforms) = preSolution
		Debug|Any CPU = Debug|Any CPU
		Release|Any CPU = Release|Any CPU
	EndGlobalSection
	GlobalSection(ProjectConfigurationPlatforms) = postSolution
		{5E33DF2B-7ADB-4971-8DBD-45659CA1DB5B}.Debug|Any CPU.ActiveCfg = Debug|Any CPU
		{5E33DF2B-7ADB-4971-8DBD-45659CA1DB5B}.Debug|Any CPU.Build.0 = Debug|Any CPU
		{5E33DF2B-7ADB-4971-8DBD-45659CA1DB5B}.Release|Any CPU.ActiveCfg = Release|Any CPU
		{5E33DF2B-7ADB-4971-8DBD-45659CA1DB5B}.Release|Any CPU.Build.0 = Release|Any CPU
		{EDACF47B-51F2-40FA-8AB4-B47BDCA2D838}.Debug|Any CPU.ActiveCfg = Debug|Any CPU
		{EDACF47B-51F2-40FA-8AB4-B47BDCA2D838}.Debug|Any CPU.Build.0 = Debug|Any CPU
		{EDACF47B-51F2-40FA-8AB4-B47BDCA2D838}.Release|Any CPU.ActiveCfg = Release|Any CPU
		{EDACF47B-51F2-40FA-8AB4-B47BDCA2D838}.Release|Any CPU.Build.0 = Release|Any CPU
		{1E38793C-CCE5-4975-8C25-EE3B8C136218}.Debug|Any CPU.ActiveCfg = Debug|Any CPU
		{1E38793C-CCE5-4975-8C25-EE3B8C136218}.Debug|Any CPU.Build.0 = Debug|Any CPU
		{1E38793C-CCE5-4975-8C25-EE3B8C136218}.Release|Any CPU.ActiveCfg = Release|Any CPU
		{1E38793C-CCE5-4975-8C25-EE3B8C136218}.Release|Any CPU.Build.0 = Release|Any CPU
		{F5BBF47B-AFD9-47FF-96F1-9828E5D37700}.Debug|Any CPU.ActiveCfg = Debug|Any CPU
		{F5BBF47B-AFD9-47FF-96F1-9828E5D37700}.Debug|Any CPU.Build.0 = Debug|Any CPU
		{F5BBF47B-AFD9-47FF-96F1-9828E5D37700}.Release|Any CPU.ActiveCfg = Release|Any CPU
		{F5BBF47B-AFD9-47FF-96F1-9828E5D37700}.Release|Any CPU.Build.0 = Release|Any CPU
		{4B81BBA3-CE54-4C8F-8578-EEE60197A1C3}.Debug|Any CPU.ActiveCfg = Debug|Any CPU
		{4B81BBA3-CE54-4C8F-8578-EEE60197A1C3}.Debug|Any CPU.Build.0 = Debug|Any CPU
		{4B81BBA3-CE54-4C8F-8578-EEE60197A1C3}.Release|Any CPU.ActiveCfg = Release|Any CPU
		{4B81BBA3-CE54-4C8F-8578-EEE60197A1C3}.Release|Any CPU.Build.0 = Release|Any CPU
		{65E7F9FD-7590-4CA4-B87C-DEEEA6D0EC1D}.Debug|Any CPU.ActiveCfg = Debug|Any CPU
		{65E7F9FD-7590-4CA4-B87C-DEEEA6D0EC1D}.Debug|Any CPU.Build.0 = Debug|Any CPU
		{65E7F9FD-7590-4CA4-B87C-DEEEA6D0EC1D}.Release|Any CPU.ActiveCfg = Release|Any CPU
		{65E7F9FD-7590-4CA4-B87C-DEEEA6D0EC1D}.Release|Any CPU.Build.0 = Release|Any CPU
		{29F4A6B3-1D9B-4125-A3AA-9D2E56937DED}.Debug|Any CPU.ActiveCfg = Debug|Any CPU
		{29F4A6B3-1D9B-4125-A3AA-9D2E56937DED}.Debug|Any CPU.Build.0 = Debug|Any CPU
		{29F4A6B3-1D9B-4125-A3AA-9D2E56937DED}.Release|Any CPU.ActiveCfg = Release|Any CPU
		{29F4A6B3-1D9B-4125-A3AA-9D2E56937DED}.Release|Any CPU.Build.0 = Release|Any CPU
		{DE2945B0-F28D-4B9B-85F0-46FD37F5BCAD}.Debug|Any CPU.ActiveCfg = Debug|Any CPU
		{DE2945B0-F28D-4B9B-85F0-46FD37F5BCAD}.Debug|Any CPU.Build.0 = Debug|Any CPU
		{DE2945B0-F28D-4B9B-85F0-46FD37F5BCAD}.Release|Any CPU.ActiveCfg = Release|Any CPU
		{DE2945B0-F28D-4B9B-85F0-46FD37F5BCAD}.Release|Any CPU.Build.0 = Release|Any CPU
		{58D2482D-AFF7-4464-B05F-AC1060815A6A}.Debug|Any CPU.ActiveCfg = Debug|Any CPU
		{58D2482D-AFF7-4464-B05F-AC1060815A6A}.Debug|Any CPU.Build.0 = Debug|Any CPU
		{58D2482D-AFF7-4464-B05F-AC1060815A6A}.Release|Any CPU.ActiveCfg = Release|Any CPU
		{58D2482D-AFF7-4464-B05F-AC1060815A6A}.Release|Any CPU.Build.0 = Release|Any CPU
		{6A036ADD-DEEF-4CFA-B17C-C62455E6DAD5}.Debug|Any CPU.ActiveCfg = Debug|Any CPU
		{6A036ADD-DEEF-4CFA-B17C-C62455E6DAD5}.Debug|Any CPU.Build.0 = Debug|Any CPU
		{6A036ADD-DEEF-4CFA-B17C-C62455E6DAD5}.Release|Any CPU.ActiveCfg = Release|Any CPU
		{6A036ADD-DEEF-4CFA-B17C-C62455E6DAD5}.Release|Any CPU.Build.0 = Release|Any CPU
		{D527FBC0-6730-46B7-B9B0-F04694A4B32D}.Debug|Any CPU.ActiveCfg = Debug|Any CPU
		{D527FBC0-6730-46B7-B9B0-F04694A4B32D}.Debug|Any CPU.Build.0 = Debug|Any CPU
		{D527FBC0-6730-46B7-B9B0-F04694A4B32D}.Release|Any CPU.ActiveCfg = Release|Any CPU
		{D527FBC0-6730-46B7-B9B0-F04694A4B32D}.Release|Any CPU.Build.0 = Release|Any CPU
		{61436210-8822-45D8-BB70-B015E2A91C03}.Debug|Any CPU.ActiveCfg = Debug|Any CPU
		{61436210-8822-45D8-BB70-B015E2A91C03}.Debug|Any CPU.Build.0 = Debug|Any CPU
		{61436210-8822-45D8-BB70-B015E2A91C03}.Release|Any CPU.ActiveCfg = Release|Any CPU
		{61436210-8822-45D8-BB70-B015E2A91C03}.Release|Any CPU.Build.0 = Release|Any CPU
	EndGlobalSection
	GlobalSection(SolutionProperties) = preSolution
		HideSolutionNode = FALSE
	EndGlobalSection
	GlobalSection(NestedProjects) = preSolution
		{29F4A6B3-1D9B-4125-A3AA-9D2E56937DED} = {F1B4FBE0-189E-4B46-A5FC-959D08CF5FC9}
		{DE2945B0-F28D-4B9B-85F0-46FD37F5BCAD} = {F1B4FBE0-189E-4B46-A5FC-959D08CF5FC9}
		{58D2482D-AFF7-4464-B05F-AC1060815A6A} = {F1B4FBE0-189E-4B46-A5FC-959D08CF5FC9}
		{6A036ADD-DEEF-4CFA-B17C-C62455E6DAD5} = {F1B4FBE0-189E-4B46-A5FC-959D08CF5FC9}
		{D527FBC0-6730-46B7-B9B0-F04694A4B32D} = {F1B4FBE0-189E-4B46-A5FC-959D08CF5FC9}
		{61436210-8822-45D8-BB70-B015E2A91C03} = {F1B4FBE0-189E-4B46-A5FC-959D08CF5FC9}
	EndGlobalSection
	GlobalSection(ExtensibilityGlobals) = postSolution
		SolutionGuid = {879836C3-53D8-4E62-A33D-D9D0FF1AC3D2}
	EndGlobalSection
EndGlobal
